
Microsoft Visual Studio Solution File, Format Version 12.00
# Visual Studio 14
VisualStudioVersion = 14.0.23107.0
MinimumVisualStudioVersion = 10.0.40219.1
Project("{FAE04EC0-301F-11D3-BF4B-00C04F79EFBC}") = "login-thing", "login-thing\login-thing.csproj", "{AFE2FB90-97B6-41D3-88F8-B124E39C1485}"
EndProject
Global
	GlobalSection(SolutionConfigurationPlatforms) = preSolution
		Debug|Any CPU = Debug|Any CPU
		Release|Any CPU = Release|Any CPU
	EndGlobalSection
	GlobalSection(ProjectConfigurationPlatforms) = postSolution
		{AFE2FB90-97B6-41D3-88F8-B124E39C1485}.Debug|Any CPU.ActiveCfg = Debug|Any CPU
		{AFE2FB90-97B6-41D3-88F8-B124E39C1485}.Debug|Any CPU.Build.0 = Debug|Any CPU
		{AFE2FB90-97B6-41D3-88F8-B124E39C1485}.Release|Any CPU.ActiveCfg = Release|Any CPU
		{AFE2FB90-97B6-41D3-88F8-B124E39C1485}.Release|Any CPU.Build.0 = Release|Any CPU
	EndGlobalSection
	GlobalSection(SolutionProperties) = preSolution
		HideSolutionNode = FALSE
	EndGlobalSection
EndGlobal
